

  # aws_instance.roboshop["catalog"] will be created
  + resource "aws_instance" "roboshop" {
      + ami                                  = "ami-03265a0778a880afb"
      + arn                                  = (known after apply)
      + associate_public_ip_address          = (known after apply)
      + availability_zone                    = (known after apply)
      + cpu_core_count                       = (known after apply)
      + cpu_threads_per_core                 = (known after apply)
      + disable_api_stop                     = (known after apply)
      + disable_api_termination              = (known after apply)
      + ebs_optimized                        = (known after apply)
      + get_password_data                    = false
      + host_id                              = (known after apply)
      + host_resource_group_arn              = (known after apply)
      + iam_instance_profile                 = (known after apply)
      + id                                   = (known after apply)
      + instance_initiated_shutdown_behavior = (known after apply)
      + instance_lifecycle                   = (known after apply)
      + instance_state                       = (known after apply)
      + instance_type                        = "t2.micro"
      + ipv6_address_count                   = (known after apply)
      + ipv6_addresses                       = (known after apply)
      + key_name                             = (known after apply)
      + monitoring                           = (known after apply)
      + outpost_arn                          = (known after apply)
      + password_data                        = (known after apply)
      + placement_group                      = (known after apply)
      + placement_partition_number           = (known after apply)
      + primary_network_interface_id         = (known after apply)
      + private_dns                          = (known after apply)
      + private_ip                           = (known after apply)
      + public_dns                           = (known after apply)
      + public_ip                            = (known after apply)
      + secondary_private_ips                = (known after apply)
      + security_groups                      = (known after apply)
      + source_dest_check                    = true
      + spot_instance_request_id             = (known after apply)
      + subnet_id                            = (known after apply)
      + tags                                 = {
          + "value" = "catalog"
        }
      + tags_all                             = {
          + "value" = "catalog"
        }
      + tenancy                              = (known after apply)
      + user_data                            = (known after apply)
      + user_data_base64                     = (known after apply)
      + user_data_replace_on_change          = false
      + vpc_security_group_ids               = (known after apply)

      + capacity_reservation_specification {
          + capacity_reservation_preference = (known after apply)

          + capacity_reservation_target {
              + capacity_reservation_id                 = (known after apply)
              + capacity_reservation_resource_group_arn = (known after apply)
            }
        }

      + cpu_options {
          + amd_sev_snp      = (known after apply)
          + core_count       = (known after apply)
          + threads_per_core = (known after apply)
        }

      + ebs_block_device {
          + delete_on_termination = (known after apply)
          + device_name           = (known after apply)
          + encrypted             = (known after apply)
          + iops                  = (known after apply)
          + kms_key_id            = (known after apply)
          + snapshot_id           = (known after apply)
          + tags                  = (known after apply)
          + throughput            = (known after apply)
          + volume_id             = (known after apply)
          + volume_size           = (known after apply)
          + volume_type           = (known after apply)
        }

      + enclave_options {
          + enabled = (known after apply)
        }

      + ephemeral_block_device {
          + device_name  = (known after apply)
          + no_device    = (known after apply)
          + virtual_name = (known after apply)
        }

      + instance_market_options {
          + market_type = (known after apply)

          + spot_options {
              + instance_interruption_behavior = (known after apply)
              + max_price                      = (known after apply)
              + spot_instance_type             = (known after apply)
              + valid_until                    = (known after apply)
            }
        }

      + maintenance_options {
          + auto_recovery = (known after apply)
        }

      + metadata_options {
          + http_endpoint               = (known after apply)
          + http_protocol_ipv6          = (known after apply)
          + http_put_response_hop_limit = (known after apply)
          + http_tokens                 = (known after apply)
          + instance_metadata_tags      = (known after apply)
        }

      + network_interface {
          + delete_on_termination = (known after apply)
          + device_index          = (known after apply)
          + network_card_index    = (known after apply)
          + network_interface_id  = (known after apply)
        }

      + private_dns_name_options {
          + enable_resource_name_dns_a_record    = (known after apply)
          + enable_resource_name_dns_aaaa_record = (known after apply)
          + hostname_type                        = (known after apply)
        }

      + root_block_device {
          + delete_on_termination = (known after apply)
          + device_name           = (known after apply)
          + encrypted             = (known after apply)
          + iops                  = (known after apply)
          + kms_key_id            = (known after apply)
          + tags                  = (known after apply)
          + throughput            = (known after apply)
          + volume_id             = (known after apply)
          + volume_size           = (known after apply)
          + volume_type           = (known after apply)
        }
    }

  # aws_instance.roboshop["mongodb"] will be created
  + resource "aws_instance" "roboshop" {
      + ami                                  = "ami-03265a0778a880afb"
      + arn                                  = (known after apply)
      + associate_public_ip_address          = (known after apply)
      + availability_zone                    = (known after apply)
      + cpu_core_count                       = (known after apply)
      + cpu_threads_per_core                 = (known after apply)
      + disable_api_stop                     = (known after apply)
      + disable_api_termination              = (known after apply)
      + ebs_optimized                        = (known after apply)
      + get_password_data                    = false
      + host_id                              = (known after apply)
      + host_resource_group_arn              = (known after apply)
      + iam_instance_profile                 = (known after apply)
      + id                                   = (known after apply)
      + instance_initiated_shutdown_behavior = (known after apply)
      + instance_lifecycle                   = (known after apply)
      + instance_state                       = (known after apply)
      + instance_type                        = "t3.medium"
      + ipv6_address_count                   = (known after apply)
      + ipv6_addresses                       = (known after apply)
      + key_name                             = (known after apply)
      + monitoring                           = (known after apply)
      + outpost_arn                          = (known after apply)
      + password_data                        = (known after apply)
      + placement_group                      = (known after apply)
      + placement_partition_number           = (known after apply)
      + primary_network_interface_id         = (known after apply)
      + private_dns                          = (known after apply)
      + private_ip                           = (known after apply)
      + public_dns                           = (known after apply)
      + public_ip                            = (known after apply)
      + secondary_private_ips                = (known after apply)
      + security_groups                      = (known after apply)
      + source_dest_check                    = true
      + spot_instance_request_id             = (known after apply)
      + subnet_id                            = (known after apply)
      + tags                                 = {
          + "value" = "mongodb"
        }
      + tags_all                             = {
          + "value" = "mongodb"
        }
      + tenancy                              = (known after apply)
      + user_data                            = (known after apply)
      + user_data_base64                     = (known after apply)
      + user_data_replace_on_change          = false
      + vpc_security_group_ids               = (known after apply)

      + capacity_reservation_specification {
          + capacity_reservation_preference = (known after apply)

          + capacity_reservation_target {
              + capacity_reservation_id                 = (known after apply)
              + capacity_reservation_resource_group_arn = (known after apply)
            }
        }

      + cpu_options {
          + amd_sev_snp      = (known after apply)
          + core_count       = (known after apply)
          + threads_per_core = (known after apply)
        }

      + ebs_block_device {
          + delete_on_termination = (known after apply)
          + device_name           = (known after apply)
          + encrypted             = (known after apply)
          + iops                  = (known after apply)
          + kms_key_id            = (known after apply)
          + snapshot_id           = (known after apply)
          + tags                  = (known after apply)
          + throughput            = (known after apply)
          + volume_id             = (known after apply)
          + volume_size           = (known after apply)
          + volume_type           = (known after apply)
        }

      + enclave_options {
          + enabled = (known after apply)
        }

      + ephemeral_block_device {
          + device_name  = (known after apply)
          + no_device    = (known after apply)
          + virtual_name = (known after apply)
        }

      + instance_market_options {
          + market_type = (known after apply)

          + spot_options {
              + instance_interruption_behavior = (known after apply)
              + max_price                      = (known after apply)
              + spot_instance_type             = (known after apply)
              + valid_until                    = (known after apply)
            }
        }

      + maintenance_options {
          + auto_recovery = (known after apply)
        }

      + metadata_options {
          + http_endpoint               = (known after apply)
          + http_protocol_ipv6          = (known after apply)
          + http_put_response_hop_limit = (known after apply)
          + http_tokens                 = (known after apply)
          + instance_metadata_tags      = (known after apply)
        }

      + network_interface {
          + delete_on_termination = (known after apply)
          + device_index          = (known after apply)
          + network_card_index    = (known after apply)
          + network_interface_id  = (known after apply)
        }

      + private_dns_name_options {
          + enable_resource_name_dns_a_record    = (known after apply)
          + enable_resource_name_dns_aaaa_record = (known after apply)
          + hostname_type                        = (known after apply)
        }

      + root_block_device {
          + delete_on_termination = (known after apply)
          + device_name           = (known after apply)
          + encrypted             = (known after apply)
          + iops                  = (known after apply)
          + kms_key_id            = (known after apply)
          + tags                  = (known after apply)
          + throughput            = (known after apply)
          + volume_id             = (known after apply)
          + volume_size           = (known after apply)
          + volume_type           = (known after apply)
        }
    }

  # aws_instance.roboshop["mysql"] will be created
  + resource "aws_instance" "roboshop" {
      + ami                                  = "ami-03265a0778a880afb"
      + arn                                  = (known after apply)
      + associate_public_ip_address          = (known after apply)
      + availability_zone                    = (known after apply)
      + cpu_core_count                       = (known after apply)
      + cpu_threads_per_core                 = (known after apply)
      + disable_api_stop                     = (known after apply)
      + disable_api_termination              = (known after apply)
      + ebs_optimized                        = (known after apply)
      + get_password_data                    = false
      + host_id                              = (known after apply)
      + host_resource_group_arn              = (known after apply)
      + iam_instance_profile                 = (known after apply)
      + id                                   = (known after apply)
      + instance_initiated_shutdown_behavior = (known after apply)
      + instance_lifecycle                   = (known after apply)
      + instance_state                       = (known after apply)
      + instance_type                        = "t3.medium"
      + ipv6_address_count                   = (known after apply)
      + ipv6_addresses                       = (known after apply)
      + key_name                             = (known after apply)
      + monitoring                           = (known after apply)
      + outpost_arn                          = (known after apply)
      + password_data                        = (known after apply)
      + placement_group                      = (known after apply)
      + placement_partition_number           = (known after apply)
      + primary_network_interface_id         = (known after apply)
      + private_dns                          = (known after apply)
      + private_ip                           = (known after apply)
      + public_dns                           = (known after apply)
      + public_ip                            = (known after apply)
      + secondary_private_ips                = (known after apply)
      + security_groups                      = (known after apply)
      + source_dest_check                    = true
      + spot_instance_request_id             = (known after apply)
      + subnet_id                            = (known after apply)
      + tags                                 = {
          + "value" = "mysql"
        }
      + tags_all                             = {
          + "value" = "mysql"
        }
      + tenancy                              = (known after apply)
      + user_data                            = (known after apply)
      + user_data_base64                     = (known after apply)
      + user_data_replace_on_change          = false
      + vpc_security_group_ids               = (known after apply)

      + capacity_reservation_specification {
          + capacity_reservation_preference = (known after apply)

          + capacity_reservation_target {
              + capacity_reservation_id                 = (known after apply)
              + capacity_reservation_resource_group_arn = (known after apply)
            }
        }

      + cpu_options {
          + amd_sev_snp      = (known after apply)
          + core_count       = (known after apply)
          + threads_per_core = (known after apply)
        }

      + ebs_block_device {
          + delete_on_termination = (known after apply)
          + device_name           = (known after apply)
          + encrypted             = (known after apply)
          + iops                  = (known after apply)
          + kms_key_id            = (known after apply)
          + snapshot_id           = (known after apply)
          + tags                  = (known after apply)
          + throughput            = (known after apply)
          + volume_id             = (known after apply)
          + volume_size           = (known after apply)
          + volume_type           = (known after apply)
        }

      + enclave_options {
          + enabled = (known after apply)
        }

      + ephemeral_block_device {
          + device_name  = (known after apply)
          + no_device    = (known after apply)
          + virtual_name = (known after apply)
        }

      + instance_market_options {
          + market_type = (known after apply)

          + spot_options {
              + instance_interruption_behavior = (known after apply)
              + max_price                      = (known after apply)
              + spot_instance_type             = (known after apply)
              + valid_until                    = (known after apply)
            }
        }

      + maintenance_options {
          + auto_recovery = (known after apply)
        }

      + metadata_options {
          + http_endpoint               = (known after apply)
          + http_protocol_ipv6          = (known after apply)
          + http_put_response_hop_limit = (known after apply)
          + http_tokens                 = (known after apply)
          + instance_metadata_tags      = (known after apply)
        }

      + network_interface {
          + delete_on_termination = (known after apply)
          + device_index          = (known after apply)
          + network_card_index    = (known after apply)
          + network_interface_id  = (known after apply)
        }

      + private_dns_name_options {
          + enable_resource_name_dns_a_record    = (known after apply)
          + enable_resource_name_dns_aaaa_record = (known after apply)
          + hostname_type                        = (known after apply)
        }

      + root_block_device {
          + delete_on_termination = (known after apply)
          + device_name           = (known after apply)
          + encrypted             = (known after apply)
          + iops                  = (known after apply)
          + kms_key_id            = (known after apply)
          + tags                  = (known after apply)
          + throughput            = (known after apply)
          + volume_id             = (known after apply)
          + volume_size           = (known after apply)
          + volume_type           = (known after apply)
        }
    }

  # aws_instance.roboshop["payment"] will be created
  + resource "aws_instance" "roboshop" {
      + ami                                  = "ami-03265a0778a880afb"
      + arn                                  = (known after apply)
      + associate_public_ip_address          = (known after apply)
      + availability_zone                    = (known after apply)
      + cpu_core_count                       = (known after apply)
      + cpu_threads_per_core                 = (known after apply)
      + disable_api_stop                     = (known after apply)
      + disable_api_termination              = (known after apply)
      + ebs_optimized                        = (known after apply)
      + get_password_data                    = false
      + host_id                              = (known after apply)
      + host_resource_group_arn              = (known after apply)
      + iam_instance_profile                 = (known after apply)
      + id                                   = (known after apply)
      + instance_initiated_shutdown_behavior = (known after apply)
      + instance_lifecycle                   = (known after apply)
      + instance_state                       = (known after apply)
      + instance_type                        = "t2.micro"
      + ipv6_address_count                   = (known after apply)
      + ipv6_addresses                       = (known after apply)
      + key_name                             = (known after apply)
      + monitoring                           = (known after apply)
      + outpost_arn                          = (known after apply)
      + password_data                        = (known after apply)
      + placement_group                      = (known after apply)
      + placement_partition_number           = (known after apply)
      + primary_network_interface_id         = (known after apply)
      + private_dns                          = (known after apply)
      + private_ip                           = (known after apply)
      + public_dns                           = (known after apply)
      + public_ip                            = (known after apply)
      + secondary_private_ips                = (known after apply)
      + security_groups                      = (known after apply)
      + source_dest_check                    = true
      + spot_instance_request_id             = (known after apply)
      + subnet_id                            = (known after apply)
      + tags                                 = {
          + "value" = "payment"
        }
      + tags_all                             = {
          + "value" = "payment"
        }
      + tenancy                              = (known after apply)
      + user_data                            = (known after apply)
      + user_data_base64                     = (known after apply)
      + user_data_replace_on_change          = false
      + vpc_security_group_ids               = (known after apply)

      + capacity_reservation_specification {
          + capacity_reservation_preference = (known after apply)

          + capacity_reservation_target {
              + capacity_reservation_id                 = (known after apply)
              + capacity_reservation_resource_group_arn = (known after apply)
            }
        }

      + cpu_options {
          + amd_sev_snp      = (known after apply)
          + core_count       = (known after apply)
          + threads_per_core = (known after apply)
        }

      + ebs_block_device {
          + delete_on_termination = (known after apply)
          + device_name           = (known after apply)
          + encrypted             = (known after apply)
          + iops                  = (known after apply)
          + kms_key_id            = (known after apply)
          + snapshot_id           = (known after apply)
          + tags                  = (known after apply)
          + throughput            = (known after apply)
          + volume_id             = (known after apply)
          + volume_size           = (known after apply)
          + volume_type           = (known after apply)
        }

      + enclave_options {
          + enabled = (known after apply)
        }

      + ephemeral_block_device {
          + device_name  = (known after apply)
          + no_device    = (known after apply)
          + virtual_name = (known after apply)
        }

      + instance_market_options {
          + market_type = (known after apply)

          + spot_options {
              + instance_interruption_behavior = (known after apply)
              + max_price                      = (known after apply)
              + spot_instance_type             = (known after apply)
              + valid_until                    = (known after apply)
            }
        }

      + maintenance_options {
          + auto_recovery = (known after apply)
        }

      + metadata_options {
          + http_endpoint               = (known after apply)
          + http_protocol_ipv6          = (known after apply)
          + http_put_response_hop_limit = (known after apply)
          + http_tokens                 = (known after apply)
          + instance_metadata_tags      = (known after apply)
        }

      + network_interface {
          + delete_on_termination = (known after apply)
          + device_index          = (known after apply)
          + network_card_index    = (known after apply)
          + network_interface_id  = (known after apply)
        }

      + private_dns_name_options {
          + enable_resource_name_dns_a_record    = (known after apply)
          + enable_resource_name_dns_aaaa_record = (known after apply)
          + hostname_type                        = (known after apply)
        }

      + root_block_device {
          + delete_on_termination = (known after apply)
          + device_name           = (known after apply)
          + encrypted             = (known after apply)
          + iops                  = (known after apply)
          + kms_key_id            = (known after apply)
          + tags                  = (known after apply)
          + throughput            = (known after apply)
          + volume_id             = (known after apply)
          + volume_size           = (known after apply)
          + volume_type           = (known after apply)
        }
    }

  # aws_instance.roboshop["rabbitmq"] will be created
  + resource "aws_instance" "roboshop" {
      + ami                                  = "ami-03265a0778a880afb"
      + arn                                  = (known after apply)
      + associate_public_ip_address          = (known after apply)
      + availability_zone                    = (known after apply)
      + cpu_core_count                       = (known after apply)
      + cpu_threads_per_core                 = (known after apply)
      + disable_api_stop                     = (known after apply)
      + disable_api_termination              = (known after apply)
      + ebs_optimized                        = (known after apply)
      + get_password_data                    = false
      + host_id                              = (known after apply)
      + host_resource_group_arn              = (known after apply)
      + iam_instance_profile                 = (known after apply)
      + id                                   = (known after apply)
      + instance_initiated_shutdown_behavior = (known after apply)
      + instance_lifecycle                   = (known after apply)
      + instance_state                       = (known after apply)
      + instance_type                        = "t2.micro"
      + ipv6_address_count                   = (known after apply)
      + ipv6_addresses                       = (known after apply)
      + key_name                             = (known after apply)
      + monitoring                           = (known after apply)
      + outpost_arn                          = (known after apply)
      + password_data                        = (known after apply)
      + placement_group                      = (known after apply)
      + placement_partition_number           = (known after apply)
      + primary_network_interface_id         = (known after apply)
      + private_dns                          = (known after apply)
      + private_ip                           = (known after apply)
      + public_dns                           = (known after apply)
      + public_ip                            = (known after apply)
      + secondary_private_ips                = (known after apply)
      + security_groups                      = (known after apply)
      + source_dest_check                    = true
      + spot_instance_request_id             = (known after apply)
      + subnet_id                            = (known after apply)
      + tags                                 = {
          + "value" = "rabbitmq"
        }
      + tags_all                             = {
          + "value" = "rabbitmq"
        }
      + tenancy                              = (known after apply)
      + user_data                            = (known after apply)
      + user_data_base64                     = (known after apply)
      + user_data_replace_on_change          = false
      + vpc_security_group_ids               = (known after apply)

      + capacity_reservation_specification {
          + capacity_reservation_preference = (known after apply)

          + capacity_reservation_target {
              + capacity_reservation_id                 = (known after apply)
              + capacity_reservation_resource_group_arn = (known after apply)
            }
        }

      + cpu_options {
          + amd_sev_snp      = (known after apply)
          + core_count       = (known after apply)
          + threads_per_core = (known after apply)
        }

      + ebs_block_device {
          + delete_on_termination = (known after apply)
          + device_name           = (known after apply)
          + encrypted             = (known after apply)
          + iops                  = (known after apply)
          + kms_key_id            = (known after apply)
          + snapshot_id           = (known after apply)
          + tags                  = (known after apply)
          + throughput            = (known after apply)
          + volume_id             = (known after apply)
          + volume_size           = (known after apply)
          + volume_type           = (known after apply)
        }

      + enclave_options {
          + enabled = (known after apply)
        }

      + ephemeral_block_device {
          + device_name  = (known after apply)
          + no_device    = (known after apply)
          + virtual_name = (known after apply)
        }

      + instance_market_options {
          + market_type = (known after apply)

          + spot_options {
              + instance_interruption_behavior = (known after apply)
              + max_price                      = (known after apply)
              + spot_instance_type             = (known after apply)
              + valid_until                    = (known after apply)
            }
        }

      + maintenance_options {
          + auto_recovery = (known after apply)
        }

      + metadata_options {
          + http_endpoint               = (known after apply)
          + http_protocol_ipv6          = (known after apply)
          + http_put_response_hop_limit = (known after apply)
          + http_tokens                 = (known after apply)
          + instance_metadata_tags      = (known after apply)
        }

      + network_interface {
          + delete_on_termination = (known after apply)
          + device_index          = (known after apply)
          + network_card_index    = (known after apply)
          + network_interface_id  = (known after apply)
        }

      + private_dns_name_options {
          + enable_resource_name_dns_a_record    = (known after apply)
          + enable_resource_name_dns_aaaa_record = (known after apply)
          + hostname_type                        = (known after apply)
        }

      + root_block_device {
          + delete_on_termination = (known after apply)
          + device_name           = (known after apply)
          + encrypted             = (known after apply)
          + iops                  = (known after apply)
          + kms_key_id            = (known after apply)
          + tags                  = (known after apply)
          + throughput            = (known after apply)
          + volume_id             = (known after apply)
          + volume_size           = (known after apply)
          + volume_type           = (known after apply)
        }
    }

  # aws_instance.roboshop["redies"] will be created
  + resource "aws_instance" "roboshop" {
      + ami                                  = "ami-03265a0778a880afb"
      + arn                                  = (known after apply)
      + associate_public_ip_address          = (known after apply)
      + availability_zone                    = (known after apply)
      + cpu_core_count                       = (known after apply)
      + cpu_threads_per_core                 = (known after apply)
      + disable_api_stop                     = (known after apply)
      + disable_api_termination              = (known after apply)
      + ebs_optimized                        = (known after apply)
      + get_password_data                    = false
      + host_id                              = (known after apply)
      + host_resource_group_arn              = (known after apply)
      + iam_instance_profile                 = (known after apply)
      + id                                   = (known after apply)
      + instance_initiated_shutdown_behavior = (known after apply)
      + instance_lifecycle                   = (known after apply)
      + instance_state                       = (known after apply)
      + instance_type                        = "t2.micro"
      + ipv6_address_count                   = (known after apply)
      + ipv6_addresses                       = (known after apply)
      + key_name                             = (known after apply)
      + monitoring                           = (known after apply)
      + outpost_arn                          = (known after apply)
      + password_data                        = (known after apply)
      + placement_group                      = (known after apply)
      + placement_partition_number           = (known after apply)
      + primary_network_interface_id         = (known after apply)
      + private_dns                          = (known after apply)
      + private_ip                           = (known after apply)
      + public_dns                           = (known after apply)
      + public_ip                            = (known after apply)
      + secondary_private_ips                = (known after apply)
      + security_groups                      = (known after apply)
      + source_dest_check                    = true
      + spot_instance_request_id             = (known after apply)
      + subnet_id                            = (known after apply)
      + tags                                 = {
          + "value" = "redies"
        }
      + tags_all                             = {
          + "value" = "redies"
        }
      + tenancy                              = (known after apply)
      + user_data                            = (known after apply)
      + user_data_base64                     = (known after apply)
      + user_data_replace_on_change          = false
      + vpc_security_group_ids               = (known after apply)

      + capacity_reservation_specification {
          + capacity_reservation_preference = (known after apply)

          + capacity_reservation_target {
              + capacity_reservation_id                 = (known after apply)
              + capacity_reservation_resource_group_arn = (known after apply)
            }
        }

      + cpu_options {
          + amd_sev_snp      = (known after apply)
          + core_count       = (known after apply)
          + threads_per_core = (known after apply)
        }

      + ebs_block_device {
          + delete_on_termination = (known after apply)
          + device_name           = (known after apply)
          + encrypted             = (known after apply)
          + iops                  = (known after apply)
          + kms_key_id            = (known after apply)
          + snapshot_id           = (known after apply)
          + tags                  = (known after apply)
          + throughput            = (known after apply)
          + volume_id             = (known after apply)
          + volume_size           = (known after apply)
          + volume_type           = (known after apply)
        }

      + enclave_options {
          + enabled = (known after apply)
        }

      + ephemeral_block_device {
          + device_name  = (known after apply)
          + no_device    = (known after apply)
          + virtual_name = (known after apply)
        }

      + instance_market_options {
          + market_type = (known after apply)

          + spot_options {
              + instance_interruption_behavior = (known after apply)
              + max_price                      = (known after apply)
              + spot_instance_type             = (known after apply)
              + valid_until                    = (known after apply)
            }
        }

      + maintenance_options {
          + auto_recovery = (known after apply)
        }

      + metadata_options {
          + http_endpoint               = (known after apply)
          + http_protocol_ipv6          = (known after apply)
          + http_put_response_hop_limit = (known after apply)
          + http_tokens                 = (known after apply)
          + instance_metadata_tags      = (known after apply)
        }

      + network_interface {
          + delete_on_termination = (known after apply)
          + device_index          = (known after apply)
          + network_card_index    = (known after apply)
          + network_interface_id  = (known after apply)
        }

      + private_dns_name_options {
          + enable_resource_name_dns_a_record    = (known after apply)
          + enable_resource_name_dns_aaaa_record = (known after apply)
          + hostname_type                        = (known after apply)
        }

      + root_block_device {
          + delete_on_termination = (known after apply)
          + device_name           = (known after apply)
          + encrypted             = (known after apply)
          + iops                  = (known after apply)
          + kms_key_id            = (known after apply)
          + tags                  = (known after apply)
          + throughput            = (known after apply)
          + volume_id             = (known after apply)
          + volume_size           = (known after apply)
          + volume_type           = (known after apply)
        }
    }

  # aws_instance.roboshop["shipping"] will be created
  + resource "aws_instance" "roboshop" {
      + ami                                  = "ami-03265a0778a880afb"
      + arn                                  = (known after apply)
      + associate_public_ip_address          = (known after apply)
      + availability_zone                    = (known after apply)
      + cpu_core_count                       = (known after apply)
      + cpu_threads_per_core                 = (known after apply)
      + disable_api_stop                     = (known after apply)
      + disable_api_termination              = (known after apply)
      + ebs_optimized                        = (known after apply)
      + get_password_data                    = false
      + host_id                              = (known after apply)
      + host_resource_group_arn              = (known after apply)
      + iam_instance_profile                 = (known after apply)
      + id                                   = (known after apply)
      + instance_initiated_shutdown_behavior = (known after apply)
      + instance_lifecycle                   = (known after apply)
      + instance_state                       = (known after apply)
      + instance_type                        = "t2.micro"
      + ipv6_address_count                   = (known after apply)
      + ipv6_addresses                       = (known after apply)
      + key_name                             = (known after apply)
      + monitoring                           = (known after apply)
      + outpost_arn                          = (known after apply)
      + password_data                        = (known after apply)
      + placement_group                      = (known after apply)
      + placement_partition_number           = (known after apply)
      + primary_network_interface_id         = (known after apply)
      + private_dns                          = (known after apply)
      + private_ip                           = (known after apply)
      + public_dns                           = (known after apply)
      + public_ip                            = (known after apply)
      + secondary_private_ips                = (known after apply)
      + security_groups                      = (known after apply)
      + source_dest_check                    = true
      + spot_instance_request_id             = (known after apply)
      + subnet_id                            = (known after apply)
      + tags                                 = {
          + "value" = "shipping"
        }
      + tags_all                             = {
          + "value" = "shipping"
        }
      + tenancy                              = (known after apply)
      + user_data                            = (known after apply)
      + user_data_base64                     = (known after apply)
      + user_data_replace_on_change          = false
      + vpc_security_group_ids               = (known after apply)

      + capacity_reservation_specification {
          + capacity_reservation_preference = (known after apply)

          + capacity_reservation_target {
              + capacity_reservation_id                 = (known after apply)
              + capacity_reservation_resource_group_arn = (known after apply)
            }
        }

      + cpu_options {
          + amd_sev_snp      = (known after apply)
          + core_count       = (known after apply)
          + threads_per_core = (known after apply)
        }

      + ebs_block_device {
          + delete_on_termination = (known after apply)
          + device_name           = (known after apply)
          + encrypted             = (known after apply)
          + iops                  = (known after apply)
          + kms_key_id            = (known after apply)
          + snapshot_id           = (known after apply)
          + tags                  = (known after apply)
          + throughput            = (known after apply)
          + volume_id             = (known after apply)
          + volume_size           = (known after apply)
          + volume_type           = (known after apply)
        }

      + enclave_options {
          + enabled = (known after apply)
        }

      + ephemeral_block_device {
          + device_name  = (known after apply)
          + no_device    = (known after apply)
          + virtual_name = (known after apply)
        }

      + instance_market_options {
          + market_type = (known after apply)

          + spot_options {
              + instance_interruption_behavior = (known after apply)
              + max_price                      = (known after apply)
              + spot_instance_type             = (known after apply)
              + valid_until                    = (known after apply)
            }
        }

      + maintenance_options {
          + auto_recovery = (known after apply)
        }

      + metadata_options {
          + http_endpoint               = (known after apply)
          + http_protocol_ipv6          = (known after apply)
          + http_put_response_hop_limit = (known after apply)
          + http_tokens                 = (known after apply)
          + instance_metadata_tags      = (known after apply)
        }

      + network_interface {
          + delete_on_termination = (known after apply)
          + device_index          = (known after apply)
          + network_card_index    = (known after apply)
          + network_interface_id  = (known after apply)
        }

      + private_dns_name_options {
          + enable_resource_name_dns_a_record    = (known after apply)
          + enable_resource_name_dns_aaaa_record = (known after apply)
          + hostname_type                        = (known after apply)
        }

      + root_block_device {
          + delete_on_termination = (known after apply)
          + device_name           = (known after apply)
          + encrypted             = (known after apply)
          + iops                  = (known after apply)
          + kms_key_id            = (known after apply)
          + tags                  = (known after apply)
          + throughput            = (known after apply)
          + volume_id             = (known after apply)
          + volume_size           = (known after apply)
          + volume_type           = (known after apply)
        }
    }

  # aws_instance.roboshop["user"] will be created
  + resource "aws_instance" "roboshop" {
      + ami                                  = "ami-03265a0778a880afb"
      + arn                                  = (known after apply)
      + associate_public_ip_address          = (known after apply)
      + availability_zone                    = (known after apply)
      + cpu_core_count                       = (known after apply)
      + cpu_threads_per_core                 = (known after apply)
      + disable_api_stop                     = (known after apply)
      + disable_api_termination              = (known after apply)
      + ebs_optimized                        = (known after apply)
      + get_password_data                    = false
      + host_id                              = (known after apply)
      + host_resource_group_arn              = (known after apply)
      + iam_instance_profile                 = (known after apply)
      + id                                   = (known after apply)
      + instance_initiated_shutdown_behavior = (known after apply)
      + instance_lifecycle                   = (known after apply)
      + instance_state                       = (known after apply)
      + instance_type                        = "t2.micro"
      + ipv6_address_count                   = (known after apply)
      + ipv6_addresses                       = (known after apply)
      + key_name                             = (known after apply)
      + monitoring                           = (known after apply)
      + outpost_arn                          = (known after apply)
      + password_data                        = (known after apply)
      + placement_group                      = (known after apply)
      + placement_partition_number           = (known after apply)
      + primary_network_interface_id         = (known after apply)
      + private_dns                          = (known after apply)
      + private_ip                           = (known after apply)
      + public_dns                           = (known after apply)
      + public_ip                            = (known after apply)
      + secondary_private_ips                = (known after apply)
      + security_groups                      = (known after apply)
      + source_dest_check                    = true
      + spot_instance_request_id             = (known after apply)
      + subnet_id                            = (known after apply)
      + tags                                 = {
          + "value" = "user"
        }
      + tags_all                             = {
          + "value" = "user"
        }
      + tenancy                              = (known after apply)
      + user_data                            = (known after apply)
      + user_data_base64                     = (known after apply)
      + user_data_replace_on_change          = false
      + vpc_security_group_ids               = (known after apply)

      + capacity_reservation_specification {
          + capacity_reservation_preference = (known after apply)

          + capacity_reservation_target {
              + capacity_reservation_id                 = (known after apply)
              + capacity_reservation_resource_group_arn = (known after apply)
            }
        }

      + cpu_options {
          + amd_sev_snp      = (known after apply)
          + core_count       = (known after apply)
          + threads_per_core = (known after apply)
        }

      + ebs_block_device {
          + delete_on_termination = (known after apply)
          + device_name           = (known after apply)
          + encrypted             = (known after apply)
          + iops                  = (known after apply)
          + kms_key_id            = (known after apply)
          + snapshot_id           = (known after apply)
          + tags                  = (known after apply)
          + throughput            = (known after apply)
          + volume_id             = (known after apply)
          + volume_size           = (known after apply)
          + volume_type           = (known after apply)
        }

      + enclave_options {
          + enabled = (known after apply)
        }

      + ephemeral_block_device {
          + device_name  = (known after apply)
          + no_device    = (known after apply)
          + virtual_name = (known after apply)
        }

      + instance_market_options {
          + market_type = (known after apply)

          + spot_options {
              + instance_interruption_behavior = (known after apply)
              + max_price                      = (known after apply)
              + spot_instance_type             = (known after apply)
              + valid_until                    = (known after apply)
            }
        }

      + maintenance_options {
          + auto_recovery = (known after apply)
        }

      + metadata_options {
          + http_endpoint               = (known after apply)
          + http_protocol_ipv6          = (known after apply)
          + http_put_response_hop_limit = (known after apply)
          + http_tokens                 = (known after apply)
          + instance_metadata_tags      = (known after apply)
        }

      + network_interface {
          + delete_on_termination = (known after apply)
          + device_index          = (known after apply)
          + network_card_index    = (known after apply)
          + network_interface_id  = (known after apply)
        }

      + private_dns_name_options {
          + enable_resource_name_dns_a_record    = (known after apply)
          + enable_resource_name_dns_aaaa_record = (known after apply)
          + hostname_type                        = (known after apply)
        }

      + root_block_device {
          + delete_on_termination = (known after apply)
          + device_name           = (known after apply)
          + encrypted             = (known after apply)
          + iops                  = (known after apply)
          + kms_key_id            = (known after apply)
          + tags                  = (known after apply)
          + throughput            = (known after apply)
          + volume_id             = (known after apply)
          + volume_size           = (known after apply)
          + volume_type           = (known after apply)
        }
    }

  # aws_instance.roboshop["web"] will be created
  + resource "aws_instance" "roboshop" {
      + ami                                  = "ami-03265a0778a880afb"
      + arn                                  = (known after apply)
      + associate_public_ip_address          = (known after apply)
      + availability_zone                    = (known after apply)
      + cpu_core_count                       = (known after apply)
      + cpu_threads_per_core                 = (known after apply)
      + disable_api_stop                     = (known after apply)
      + disable_api_termination              = (known after apply)
      + ebs_optimized                        = (known after apply)
      + get_password_data                    = false
      + host_id                              = (known after apply)
      + host_resource_group_arn              = (known after apply)
      + iam_instance_profile                 = (known after apply)
      + id                                   = (known after apply)
      + instance_initiated_shutdown_behavior = (known after apply)
      + instance_lifecycle                   = (known after apply)
      + instance_state                       = (known after apply)
      + instance_type                        = "t2.micro"
      + ipv6_address_count                   = (known after apply)
      + ipv6_addresses                       = (known after apply)
      + key_name                             = (known after apply)
      + monitoring                           = (known after apply)
      + outpost_arn                          = (known after apply)
      + password_data                        = (known after apply)
      + placement_group                      = (known after apply)
      + placement_partition_number           = (known after apply)
      + primary_network_interface_id         = (known after apply)
      + private_dns                          = (known after apply)
      + private_ip                           = (known after apply)
      + public_dns                           = (known after apply)
      + public_ip                            = (known after apply)
      + secondary_private_ips                = (known after apply)
      + security_groups                      = (known after apply)
      + source_dest_check                    = true
      + spot_instance_request_id             = (known after apply)
      + subnet_id                            = (known after apply)
      + tags                                 = {
          + "value" = "web"
        }
      + tags_all                             = {
          + "value" = "web"
        }
      + tenancy                              = (known after apply)
      + user_data                            = (known after apply)
      + user_data_base64                     = (known after apply)
      + user_data_replace_on_change          = false
      + vpc_security_group_ids               = (known after apply)

      + capacity_reservation_specification {
          + capacity_reservation_preference = (known after apply)

          + capacity_reservation_target {
              + capacity_reservation_id                 = (known after apply)
              + capacity_reservation_resource_group_arn = (known after apply)
            }
        }

      + cpu_options {
          + amd_sev_snp      = (known after apply)
          + core_count       = (known after apply)
          + threads_per_core = (known after apply)
        }

      + ebs_block_device {
          + delete_on_termination = (known after apply)
          + device_name           = (known after apply)
          + encrypted             = (known after apply)
          + iops                  = (known after apply)
          + kms_key_id            = (known after apply)
          + snapshot_id           = (known after apply)
          + tags                  = (known after apply)
          + throughput            = (known after apply)
          + volume_id             = (known after apply)
          + volume_size           = (known after apply)
          + volume_type           = (known after apply)
        }

      + enclave_options {
          + enabled = (known after apply)
        }

      + ephemeral_block_device {
          + device_name  = (known after apply)
          + no_device    = (known after apply)
          + virtual_name = (known after apply)
        }

      + instance_market_options {
          + market_type = (known after apply)

          + spot_options {
              + instance_interruption_behavior = (known after apply)
              + max_price                      = (known after apply)
              + spot_instance_type             = (known after apply)
              + valid_until                    = (known after apply)
            }
        }

      + maintenance_options {
          + auto_recovery = (known after apply)
        }

      + metadata_options {
          + http_endpoint               = (known after apply)
          + http_protocol_ipv6          = (known after apply)
          + http_put_response_hop_limit = (known after apply)
          + http_tokens                 = (known after apply)
          + instance_metadata_tags      = (known after apply)
        }

      + network_interface {
          + delete_on_termination = (known after apply)
          + device_index          = (known after apply)
          + network_card_index    = (known after apply)
          + network_interface_id  = (known after apply)
        }

      + private_dns_name_options {
          + enable_resource_name_dns_a_record    = (known after apply)
          + enable_resource_name_dns_aaaa_record = (known after apply)
          + hostname_type                        = (known after apply)
        }

      + root_block_device {
          + delete_on_termination = (known after apply)
          + device_name           = (known after apply)
          + encrypted             = (known after apply)
          + iops                  = (known after apply)
          + kms_key_id            = (known after apply)
          + tags                  = (known after apply)
          + throughput            = (known after apply)
          + volume_id             = (known after apply)
          + volume_size           = (known after apply)
          + volume_type           = (known after apply)
        }
    }

  # aws_route53_record.www["cart"] will be created
  + resource "aws_route53_record" "www" {
      + allow_overwrite = (known after apply)
      + fqdn            = (known after apply)
      + id              = (known after apply)
      + name            = "cart.varahiforms.online"
      + records         = (known after apply)
      + ttl             = 1
      + type            = "A"
      + zone_id         = "Z09774772FLVAKY15QHS"
    }

  # aws_route53_record.www["catalog"] will be created
  + resource "aws_route53_record" "www" {
      + allow_overwrite = (known after apply)
      + fqdn            = (known after apply)
      + id              = (known after apply)
      + name            = "catalog.varahiforms.online"
      + records         = (known after apply)
      + ttl             = 1
      + type            = "A"
      + zone_id         = "Z09774772FLVAKY15QHS"
    }

  # aws_route53_record.www["mongodb"] will be created
  + resource "aws_route53_record" "www" {
      + allow_overwrite = (known after apply)
      + fqdn            = (known after apply)
      + id              = (known after apply)
      + name            = "mongodb.varahiforms.online"
      + records         = (known after apply)
      + ttl             = 1
      + type            = "A"
      + zone_id         = "Z09774772FLVAKY15QHS"
    }

  # aws_route53_record.www["mysql"] will be created
  + resource "aws_route53_record" "www" {
      + allow_overwrite = (known after apply)
      + fqdn            = (known after apply)
      + id              = (known after apply)
      + name            = "mysql.varahiforms.online"
      + records         = (known after apply)
      + ttl             = 1
      + type            = "A"
      + zone_id         = "Z09774772FLVAKY15QHS"
    }

  # aws_route53_record.www["payment"] will be created
  + resource "aws_route53_record" "www" {
      + allow_overwrite = (known after apply)
      + fqdn            = (known after apply)
      + id              = (known after apply)
      + name            = "payment.varahiforms.online"
      + records         = (known after apply)
      + ttl             = 1
      + type            = "A"
      + zone_id         = "Z09774772FLVAKY15QHS"
    }

  # aws_route53_record.www["rabbitmq"] will be created
  + resource "aws_route53_record" "www" {
      + allow_overwrite = (known after apply)
      + fqdn            = (known after apply)
      + id              = (known after apply)
      + name            = "rabbitmq.varahiforms.online"
      + records         = (known after apply)
      + ttl             = 1
      + type            = "A"
      + zone_id         = "Z09774772FLVAKY15QHS"
    }

  # aws_route53_record.www["redies"] will be created
  + resource "aws_route53_record" "www" {
      + allow_overwrite = (known after apply)
      + fqdn            = (known after apply)
      + id              = (known after apply)
      + name            = "redies.varahiforms.online"
      + records         = (known after apply)
      + ttl             = 1
      + type            = "A"
      + zone_id         = "Z09774772FLVAKY15QHS"
    }

  # aws_route53_record.www["shipping"] will be created
  + resource "aws_route53_record" "www" {
      + allow_overwrite = (known after apply)
      + fqdn            = (known after apply)
      + id              = (known after apply)
      + name            = "shipping.varahiforms.online"
      + records         = (known after apply)
      + ttl             = 1
      + type            = "A"
      + zone_id         = "Z09774772FLVAKY15QHS"
    }

  # aws_route53_record.www["user"] will be created
  + resource "aws_route53_record" "www" {
      + allow_overwrite = (known after apply)
      + fqdn            = (known after apply)
      + id              = (known after apply)
      + name            = "user.varahiforms.online"
      + records         = (known after apply)
      + ttl             = 1
      + type            = "A"
      + zone_id         = "Z09774772FLVAKY15QHS"
    }

  # aws_route53_record.www["web"] will be created
  + resource "aws_route53_record" "www" {
      + allow_overwrite = (known after apply)
      + fqdn            = (known after apply)
      + id              = (known after apply)
      + name            = "web.varahiforms.online"
      + records         = (known after apply)
      + ttl             = 1
      + type            = "A"
      + zone_id         = "Z09774772FLVAKY15QHS"
    }

Plan: 20 to add, 0 to change, 0 to destroy.

Changes to Outputs:
  + aws_instance_info = {
      + cart     = {
          + ami                                  = "ami-03265a0778a880afb"
          + arn                                  = (known after apply)
          + associate_public_ip_address          = (known after apply)
          + availability_zone                    = (known after apply)
          + capacity_reservation_specification   = (known after apply)
          + cpu_core_count                       = (known after apply)
          + cpu_options                          = (known after apply)
          + cpu_threads_per_core                 = (known after apply)
          + credit_specification                 = []
          + disable_api_stop                     = (known after apply)
          + disable_api_termination              = (known after apply)
          + ebs_block_device                     = (known after apply)
          + ebs_optimized                        = (known after apply)
          + enclave_options                      = (known after apply)
          + ephemeral_block_device               = (known after apply)
          + get_password_data                    = false
          + hibernation                          = null
          + host_id                              = (known after apply)
          + host_resource_group_arn              = (known after apply)
          + iam_instance_profile                 = (known after apply)
          + id                                   = (known after apply)
          + instance_initiated_shutdown_behavior = (known after apply)
          + instance_lifecycle                   = (known after apply)
          + instance_market_options              = (known after apply)
          + instance_state                       = (known after apply)
          + instance_type                        = "t2.micro"
          + ipv6_address_count                   = (known after apply)
          + ipv6_addresses                       = (known after apply)
          + key_name                             = (known after apply)
          + launch_template                      = []
          + maintenance_options                  = (known after apply)
          + metadata_options                     = (known after apply)
          + monitoring                           = (known after apply)
          + network_interface                    = (known after apply)
          + outpost_arn                          = (known after apply)
          + password_data                        = (known after apply)
          + placement_group                      = (known after apply)
          + placement_partition_number           = (known after apply)
          + primary_network_interface_id         = (known after apply)
          + private_dns                          = (known after apply)
          + private_dns_name_options             = (known after apply)
          + private_ip                           = (known after apply)
          + public_dns                           = (known after apply)
          + public_ip                            = (known after apply)
          + root_block_device                    = (known after apply)
          + secondary_private_ips                = (known after apply)
          + security_groups                      = (known after apply)
          + source_dest_check                    = true
          + spot_instance_request_id             = (known after apply)
          + subnet_id                            = (known after apply)
          + tags                                 = {
              + "value" = "cart"
            }
          + tags_all                             = {
              + "value" = "cart"
            }
          + tenancy                              = (known after apply)
          + timeouts                             = null
          + user_data                            = (known after apply)
          + user_data_base64                     = (known after apply)
          + user_data_replace_on_change          = false
          + volume_tags                          = null
          + vpc_security_group_ids               = (known after apply)
        }
      + catalog  = {
          + ami                                  = "ami-03265a0778a880afb"
          + arn                                  = (known after apply)
          + associate_public_ip_address          = (known after apply)
          + availability_zone                    = (known after apply)
          + capacity_reservation_specification   = (known after apply)
          + cpu_core_count                       = (known after apply)
          + cpu_options                          = (known after apply)
          + cpu_threads_per_core                 = (known after apply)
          + credit_specification                 = []
          + disable_api_stop                     = (known after apply)
          + disable_api_termination              = (known after apply)
          + ebs_block_device                     = (known after apply)
          + ebs_optimized                        = (known after apply)
          + enclave_options                      = (known after apply)
          + ephemeral_block_device               = (known after apply)
          + get_password_data                    = false
          + hibernation                          = null
          + host_id                              = (known after apply)
          + host_resource_group_arn              = (known after apply)
          + iam_instance_profile                 = (known after apply)
          + id                                   = (known after apply)
          + instance_initiated_shutdown_behavior = (known after apply)
          + instance_lifecycle                   = (known after apply)
          + instance_market_options              = (known after apply)
          + instance_state                       = (known after apply)
          + instance_type                        = "t2.micro"
          + ipv6_address_count                   = (known after apply)
          + ipv6_addresses                       = (known after apply)
          + key_name                             = (known after apply)
          + launch_template                      = []
          + maintenance_options                  = (known after apply)
          + metadata_options                     = (known after apply)
          + monitoring                           = (known after apply)
          + network_interface                    = (known after apply)
          + outpost_arn                          = (known after apply)
          + password_data                        = (known after apply)
          + placement_group                      = (known after apply)
          + placement_partition_number           = (known after apply)
          + primary_network_interface_id         = (known after apply)
          + private_dns                          = (known after apply)
          + private_dns_name_options             = (known after apply)
          + private_ip                           = (known after apply)
          + public_dns                           = (known after apply)
          + public_ip                            = (known after apply)
          + root_block_device                    = (known after apply)
          + secondary_private_ips                = (known after apply)
          + security_groups                      = (known after apply)
          + source_dest_check                    = true
          + spot_instance_request_id             = (known after apply)
          + subnet_id                            = (known after apply)
          + tags                                 = {
              + "value" = "catalog"
            }
          + tags_all                             = {
              + "value" = "catalog"
            }
          + tenancy                              = (known after apply)
          + timeouts                             = null
          + user_data                            = (known after apply)
          + user_data_base64                     = (known after apply)
          + user_data_replace_on_change          = false
          + volume_tags                          = null
          + vpc_security_group_ids               = (known after apply)
        }
      + mongodb  = {
          + ami                                  = "ami-03265a0778a880afb"
          + arn                                  = (known after apply)
          + associate_public_ip_address          = (known after apply)
          + availability_zone                    = (known after apply)
          + capacity_reservation_specification   = (known after apply)
          + cpu_core_count                       = (known after apply)
          + cpu_options                          = (known after apply)
          + cpu_threads_per_core                 = (known after apply)
          + credit_specification                 = []
          + disable_api_stop                     = (known after apply)
          + disable_api_termination              = (known after apply)
          + ebs_block_device                     = (known after apply)
          + ebs_optimized                        = (known after apply)
          + enclave_options                      = (known after apply)
          + ephemeral_block_device               = (known after apply)
          + get_password_data                    = false
          + hibernation                          = null
          + host_id                              = (known after apply)
          + host_resource_group_arn              = (known after apply)
          + iam_instance_profile                 = (known after apply)
          + id                                   = (known after apply)
          + instance_initiated_shutdown_behavior = (known after apply)
          + instance_lifecycle                   = (known after apply)
          + instance_market_options              = (known after apply)
          + instance_state                       = (known after apply)
          + instance_type                        = "t3.medium"
          + ipv6_address_count                   = (known after apply)
          + ipv6_addresses                       = (known after apply)
          + key_name                             = (known after apply)
          + launch_template                      = []
          + maintenance_options                  = (known after apply)
          + metadata_options                     = (known after apply)
          + monitoring                           = (known after apply)
          + network_interface                    = (known after apply)
          + outpost_arn                          = (known after apply)
          + password_data                        = (known after apply)
          + placement_group                      = (known after apply)
          + placement_partition_number           = (known after apply)
          + primary_network_interface_id         = (known after apply)
          + private_dns                          = (known after apply)
          + private_dns_name_options             = (known after apply)
          + private_ip                           = (known after apply)
          + public_dns                           = (known after apply)
          + public_ip                            = (known after apply)
          + root_block_device                    = (known after apply)
          + secondary_private_ips                = (known after apply)
          + security_groups                      = (known after apply)
          + source_dest_check                    = true
          + spot_instance_request_id             = (known after apply)
          + subnet_id                            = (known after apply)
          + tags                                 = {
              + "value" = "mongodb"
            }
          + tags_all                             = {
              + "value" = "mongodb"
            }
          + tenancy                              = (known after apply)
          + timeouts                             = null
          + user_data                            = (known after apply)
          + user_data_base64                     = (known after apply)
          + user_data_replace_on_change          = false
          + volume_tags                          = null
          + vpc_security_group_ids               = (known after apply)
        }
      + mysql    = {
          + ami                                  = "ami-03265a0778a880afb"
          + arn                                  = (known after apply)
          + associate_public_ip_address          = (known after apply)
          + availability_zone                    = (known after apply)
          + capacity_reservation_specification   = (known after apply)
          + cpu_core_count                       = (known after apply)
          + cpu_options                          = (known after apply)
          + cpu_threads_per_core                 = (known after apply)
          + credit_specification                 = []
          + disable_api_stop                     = (known after apply)
          + disable_api_termination              = (known after apply)
          + ebs_block_device                     = (known after apply)
          + ebs_optimized                        = (known after apply)
          + enclave_options                      = (known after apply)
          + ephemeral_block_device               = (known after apply)
          + get_password_data                    = false
          + hibernation                          = null
          + host_id                              = (known after apply)
          + host_resource_group_arn              = (known after apply)
          + iam_instance_profile                 = (known after apply)
          + id                                   = (known after apply)
          + instance_initiated_shutdown_behavior = (known after apply)
          + instance_lifecycle                   = (known after apply)
          + instance_market_options              = (known after apply)
          + instance_state                       = (known after apply)
          + instance_type                        = "t3.medium"
          + ipv6_address_count                   = (known after apply)
          + ipv6_addresses                       = (known after apply)
          + key_name                             = (known after apply)
          + launch_template                      = []
          + maintenance_options                  = (known after apply)
          + metadata_options                     = (known after apply)
          + monitoring                           = (known after apply)
          + network_interface                    = (known after apply)
          + outpost_arn                          = (known after apply)
          + password_data                        = (known after apply)
          + placement_group                      = (known after apply)
          + placement_partition_number           = (known after apply)
          + primary_network_interface_id         = (known after apply)
          + private_dns                          = (known after apply)
          + private_dns_name_options             = (known after apply)
          + private_ip                           = (known after apply)
          + public_dns                           = (known after apply)
          + public_ip                            = (known after apply)
          + root_block_device                    = (known after apply)
          + secondary_private_ips                = (known after apply)
          + security_groups                      = (known after apply)
          + source_dest_check                    = true
          + spot_instance_request_id             = (known after apply)
          + subnet_id                            = (known after apply)
          + tags                                 = {
              + "value" = "mysql"
            }
          + tags_all                             = {
              + "value" = "mysql"
            }
          + tenancy                              = (known after apply)
          + timeouts                             = null
          + user_data                            = (known after apply)
          + user_data_base64                     = (known after apply)
          + user_data_replace_on_change          = false
          + volume_tags                          = null
          + vpc_security_group_ids               = (known after apply)
        }
      + payment  = {
          + ami                                  = "ami-03265a0778a880afb"
          + arn                                  = (known after apply)
          + associate_public_ip_address          = (known after apply)
          + availability_zone                    = (known after apply)
          + capacity_reservation_specification   = (known after apply)
          + cpu_core_count                       = (known after apply)
          + cpu_options                          = (known after apply)
          + cpu_threads_per_core                 = (known after apply)
          + credit_specification                 = []
          + disable_api_stop                     = (known after apply)
          + disable_api_termination              = (known after apply)
          + ebs_block_device                     = (known after apply)
          + ebs_optimized                        = (known after apply)
          + enclave_options                      = (known after apply)
          + ephemeral_block_device               = (known after apply)
          + get_password_data                    = false
          + hibernation                          = null
          + host_id                              = (known after apply)
          + host_resource_group_arn              = (known after apply)
          + iam_instance_profile                 = (known after apply)
          + id                                   = (known after apply)
          + instance_initiated_shutdown_behavior = (known after apply)
          + instance_lifecycle                   = (known after apply)
          + instance_market_options              = (known after apply)
          + instance_state                       = (known after apply)
          + instance_type                        = "t2.micro"
          + ipv6_address_count                   = (known after apply)
          + ipv6_addresses                       = (known after apply)
          + key_name                             = (known after apply)
          + launch_template                      = []
          + maintenance_options                  = (known after apply)
          + metadata_options                     = (known after apply)
          + monitoring                           = (known after apply)
          + network_interface                    = (known after apply)
          + outpost_arn                          = (known after apply)
          + password_data                        = (known after apply)
          + placement_group                      = (known after apply)
          + placement_partition_number           = (known after apply)
          + primary_network_interface_id         = (known after apply)
          + private_dns                          = (known after apply)
          + private_dns_name_options             = (known after apply)
          + private_ip                           = (known after apply)
          + public_dns                           = (known after apply)
          + public_ip                            = (known after apply)
          + root_block_device                    = (known after apply)
          + secondary_private_ips                = (known after apply)
          + security_groups                      = (known after apply)
          + source_dest_check                    = true
          + spot_instance_request_id             = (known after apply)
          + subnet_id                            = (known after apply)
          + tags                                 = {
              + "value" = "payment"
            }
          + tags_all                             = {
              + "value" = "payment"
            }
          + tenancy                              = (known after apply)
          + timeouts                             = null
          + user_data                            = (known after apply)
          + user_data_base64                     = (known after apply)
          + user_data_replace_on_change          = false
          + volume_tags                          = null
          + vpc_security_group_ids               = (known after apply)
        }
      + rabbitmq = {
          + ami                                  = "ami-03265a0778a880afb"
          + arn                                  = (known after apply)
          + associate_public_ip_address          = (known after apply)
          + availability_zone                    = (known after apply)
          + capacity_reservation_specification   = (known after apply)
          + cpu_core_count                       = (known after apply)
          + cpu_options                          = (known after apply)
          + cpu_threads_per_core                 = (known after apply)
          + credit_specification                 = []
          + disable_api_stop                     = (known after apply)
          + disable_api_termination              = (known after apply)
          + ebs_block_device                     = (known after apply)
          + ebs_optimized                        = (known after apply)
          + enclave_options                      = (known after apply)
          + ephemeral_block_device               = (known after apply)
          + get_password_data                    = false
          + hibernation                          = null
          + host_id                              = (known after apply)
          + host_resource_group_arn              = (known after apply)
          + iam_instance_profile                 = (known after apply)
          + id                                   = (known after apply)
          + instance_initiated_shutdown_behavior = (known after apply)
          + instance_lifecycle                   = (known after apply)
          + instance_market_options              = (known after apply)
          + instance_state                       = (known after apply)
          + instance_type                        = "t2.micro"
          + ipv6_address_count                   = (known after apply)
          + ipv6_addresses                       = (known after apply)
          + key_name                             = (known after apply)
          + launch_template                      = []
          + maintenance_options                  = (known after apply)
          + metadata_options                     = (known after apply)
          + monitoring                           = (known after apply)
          + network_interface                    = (known after apply)
          + outpost_arn                          = (known after apply)
          + password_data                        = (known after apply)
          + placement_group                      = (known after apply)
          + placement_partition_number           = (known after apply)
          + primary_network_interface_id         = (known after apply)
          + private_dns                          = (known after apply)
          + private_dns_name_options             = (known after apply)
          + private_ip                           = (known after apply)
          + public_dns                           = (known after apply)
          + public_ip                            = (known after apply)
          + root_block_device                    = (known after apply)
          + secondary_private_ips                = (known after apply)
          + security_groups                      = (known after apply)
          + source_dest_check                    = true
          + spot_instance_request_id             = (known after apply)
          + subnet_id                            = (known after apply)
          + tags                                 = {
              + "value" = "rabbitmq"
            }
          + tags_all                             = {
              + "value" = "rabbitmq"
            }
          + tenancy                              = (known after apply)
          + timeouts                             = null
          + user_data                            = (known after apply)
          + user_data_base64                     = (known after apply)
          + user_data_replace_on_change          = false
          + volume_tags                          = null
          + vpc_security_group_ids               = (known after apply)
        }
      + redies   = {
          + ami                                  = "ami-03265a0778a880afb"
          + arn                                  = (known after apply)
          + associate_public_ip_address          = (known after apply)
          + availability_zone                    = (known after apply)
          + capacity_reservation_specification   = (known after apply)
          + cpu_core_count                       = (known after apply)
          + cpu_options                          = (known after apply)
          + cpu_threads_per_core                 = (known after apply)
          + credit_specification                 = []
          + disable_api_stop                     = (known after apply)
          + disable_api_termination              = (known after apply)
          + ebs_block_device                     = (known after apply)
          + ebs_optimized                        = (known after apply)
          + enclave_options                      = (known after apply)
          + ephemeral_block_device               = (known after apply)
          + get_password_data                    = false
          + hibernation                          = null
          + host_id                              = (known after apply)
          + host_resource_group_arn              = (known after apply)
          + iam_instance_profile                 = (known after apply)
          + id                                   = (known after apply)
          + instance_initiated_shutdown_behavior = (known after apply)
          + instance_lifecycle                   = (known after apply)
          + instance_market_options              = (known after apply)
          + instance_state                       = (known after apply)
          + instance_type                        = "t2.micro"
          + ipv6_address_count                   = (known after apply)
          + ipv6_addresses                       = (known after apply)
          + key_name                             = (known after apply)
          + launch_template                      = []
          + maintenance_options                  = (known after apply)
          + metadata_options                     = (known after apply)
          + monitoring                           = (known after apply)
          + network_interface                    = (known after apply)
          + outpost_arn                          = (known after apply)
          + password_data                        = (known after apply)
          + placement_group                      = (known after apply)
          + placement_partition_number           = (known after apply)
          + primary_network_interface_id         = (known after apply)
          + private_dns                          = (known after apply)
          + private_dns_name_options             = (known after apply)
          + private_ip                           = (known after apply)
          + public_dns                           = (known after apply)
          + public_ip                            = (known after apply)
          + root_block_device                    = (known after apply)
          + secondary_private_ips                = (known after apply)
          + security_groups                      = (known after apply)
          + source_dest_check                    = true
          + spot_instance_request_id             = (known after apply)
          + subnet_id                            = (known after apply)
          + tags                                 = {
              + "value" = "redies"
            }
          + tags_all                             = {
              + "value" = "redies"
            }
          + tenancy                              = (known after apply)
          + timeouts                             = null
          + user_data                            = (known after apply)
          + user_data_base64                     = (known after apply)
          + user_data_replace_on_change          = false
          + volume_tags                          = null
          + vpc_security_group_ids               = (known after apply)
        }
      + shipping = {
          + ami                                  = "ami-03265a0778a880afb"
          + arn                                  = (known after apply)
          + associate_public_ip_address          = (known after apply)
          + availability_zone                    = (known after apply)
          + capacity_reservation_specification   = (known after apply)
          + cpu_core_count                       = (known after apply)
          + cpu_options                          = (known after apply)
          + cpu_threads_per_core                 = (known after apply)
          + credit_specification                 = []
          + disable_api_stop                     = (known after apply)
          + disable_api_termination              = (known after apply)
          + ebs_block_device                     = (known after apply)
          + ebs_optimized                        = (known after apply)
          + enclave_options                      = (known after apply)
          + ephemeral_block_device               = (known after apply)
          + get_password_data                    = false
          + hibernation                          = null
          + host_id                              = (known after apply)
          + host_resource_group_arn              = (known after apply)
          + iam_instance_profile                 = (known after apply)
          + id                                   = (known after apply)
          + instance_initiated_shutdown_behavior = (known after apply)
          + instance_lifecycle                   = (known after apply)
          + instance_market_options              = (known after apply)
          + instance_state                       = (known after apply)
          + instance_type                        = "t2.micro"
          + ipv6_address_count                   = (known after apply)
          + ipv6_addresses                       = (known after apply)
          + key_name                             = (known after apply)
          + launch_template                      = []
          + maintenance_options                  = (known after apply)
          + metadata_options                     = (known after apply)
          + monitoring                           = (known after apply)
          + network_interface                    = (known after apply)
          + outpost_arn                          = (known after apply)
          + password_data                        = (known after apply)
          + placement_group                      = (known after apply)
          + placement_partition_number           = (known after apply)
          + primary_network_interface_id         = (known after apply)
          + private_dns                          = (known after apply)
          + private_dns_name_options             = (known after apply)
          + private_ip                           = (known after apply)
          + public_dns                           = (known after apply)
          + public_ip                            = (known after apply)
          + root_block_device                    = (known after apply)
          + secondary_private_ips                = (known after apply)
          + security_groups                      = (known after apply)
          + source_dest_check                    = true
          + spot_instance_request_id             = (known after apply)
          + subnet_id                            = (known after apply)
          + tags                                 = {
              + "value" = "shipping"
            }
          + tags_all                             = {
              + "value" = "shipping"
            }
          + tenancy                              = (known after apply)
          + timeouts                             = null
          + user_data                            = (known after apply)
          + user_data_base64                     = (known after apply)
          + user_data_replace_on_change          = false
          + volume_tags                          = null
          + vpc_security_group_ids               = (known after apply)
        }
      + user     = {
          + ami                                  = "ami-03265a0778a880afb"
          + arn                                  = (known after apply)
          + associate_public_ip_address          = (known after apply)
          + availability_zone                    = (known after apply)
          + capacity_reservation_specification   = (known after apply)
          + cpu_core_count                       = (known after apply)
          + cpu_options                          = (known after apply)
          + cpu_threads_per_core                 = (known after apply)
          + credit_specification                 = []
          + disable_api_stop                     = (known after apply)
          + disable_api_termination              = (known after apply)
          + ebs_block_device                     = (known after apply)
          + ebs_optimized                        = (known after apply)
          + enclave_options                      = (known after apply)
          + ephemeral_block_device               = (known after apply)
          + get_password_data                    = false
          + hibernation                          = null
          + host_id                              = (known after apply)
          + host_resource_group_arn              = (known after apply)
          + iam_instance_profile                 = (known after apply)
          + id                                   = (known after apply)
          + instance_initiated_shutdown_behavior = (known after apply)
          + instance_lifecycle                   = (known after apply)
          + instance_market_options              = (known after apply)
          + instance_state                       = (known after apply)
          + instance_type                        = "t2.micro"
          + ipv6_address_count                   = (known after apply)
          + ipv6_addresses                       = (known after apply)
          + key_name                             = (known after apply)
          + launch_template                      = []
          + maintenance_options                  = (known after apply)
          + metadata_options                     = (known after apply)
          + monitoring                           = (known after apply)
          + network_interface                    = (known after apply)
          + outpost_arn                          = (known after apply)
          + password_data                        = (known after apply)
          + placement_group                      = (known after apply)
          + placement_partition_number           = (known after apply)
          + primary_network_interface_id         = (known after apply)
          + private_dns                          = (known after apply)
          + private_dns_name_options             = (known after apply)
          + private_ip                           = (known after apply)
          + public_dns                           = (known after apply)
          + public_ip                            = (known after apply)
          + root_block_device                    = (known after apply)
          + secondary_private_ips                = (known after apply)
          + security_groups                      = (known after apply)
          + source_dest_check                    = true
          + spot_instance_request_id             = (known after apply)
          + subnet_id                            = (known after apply)
          + tags                                 = {
              + "value" = "user"
            }
          + tags_all                             = {
              + "value" = "user"
            }
          + tenancy                              = (known after apply)
          + timeouts                             = null
          + user_data                            = (known after apply)
          + user_data_base64                     = (known after apply)
          + user_data_replace_on_change          = false
          + volume_tags                          = null
          + vpc_security_group_ids               = (known after apply)
        }
      + web      = {
          + ami                                  = "ami-03265a0778a880afb"
          + arn                                  = (known after apply)
          + associate_public_ip_address          = (known after apply)
          + availability_zone                    = (known after apply)
          + capacity_reservation_specification   = (known after apply)
          + cpu_core_count                       = (known after apply)
          + cpu_options                          = (known after apply)
          + cpu_threads_per_core                 = (known after apply)
          + credit_specification                 = []
          + disable_api_stop                     = (known after apply)
          + disable_api_termination              = (known after apply)
          + ebs_block_device                     = (known after apply)
          + ebs_optimized                        = (known after apply)
          + enclave_options                      = (known after apply)
          + ephemeral_block_device               = (known after apply)
          + get_password_data                    = false
          + hibernation                          = null
          + host_id                              = (known after apply)
          + host_resource_group_arn              = (known after apply)
          + iam_instance_profile                 = (known after apply)
          + id                                   = (known after apply)
          + instance_initiated_shutdown_behavior = (known after apply)
          + instance_lifecycle                   = (known after apply)
          + instance_market_options              = (known after apply)
          + instance_state                       = (known after apply)
          + instance_type                        = "t2.micro"
          + ipv6_address_count                   = (known after apply)
          + ipv6_addresses                       = (known after apply)
          + key_name                             = (known after apply)
          + launch_template                      = []
          + maintenance_options                  = (known after apply)
          + metadata_options                     = (known after apply)
          + monitoring                           = (known after apply)
          + network_interface                    = (known after apply)
          + outpost_arn                          = (known after apply)
          + password_data                        = (known after apply)
          + placement_group                      = (known after apply)
          + placement_partition_number           = (known after apply)
          + primary_network_interface_id         = (known after apply)
          + private_dns                          = (known after apply)
          + private_dns_name_options             = (known after apply)
          + private_ip                           = (known after apply)
          + public_dns                           = (known after apply)
          + public_ip                            = (known after apply)
          + root_block_device                    = (known after apply)
          + secondary_private_ips                = (known after apply)
          + security_groups                      = (known after apply)
          + source_dest_check                    = true
          + spot_instance_request_id             = (known after apply)
          + subnet_id                            = (known after apply)
          + tags                                 = {
              + "value" = "web"
            }
          + tags_all                             = {
              + "value" = "web"
            }
          + tenancy                              = (known after apply)
          + timeouts                             = null
          + user_data                            = (known after apply)
          + user_data_base64                     = (known after apply)
          + user_data_replace_on_change          = false
          + volume_tags                          = null
          + vpc_security_group_ids               = (known after apply)
        }
    }
